// !$*UTF8*$!
{
	archiveVersion = 1;
	classes = {
	};
	objectVersion = 50;
	objects = {

/* Begin PBXBuildFile section */
		1F4A0903255DABFF007AB0E4 /* FructusApp.swift in Sources */ = {isa = PBXBuildFile; fileRef = 1F4A0902255DABFF007AB0E4 /* FructusApp.swift */; };
		1F4A0905255DABFF007AB0E4 /* ContentView.swift in Sources */ = {isa = PBXBuildFile; fileRef = 1F4A0904255DABFF007AB0E4 /* ContentView.swift */; };
		1F4A0907255DAC00007AB0E4 /* Assets.xcassets in Resources */ = {isa = PBXBuildFile; fileRef = 1F4A0906255DAC00007AB0E4 /* Assets.xcassets */; };
		1F4A090A255DAC00007AB0E4 /* Preview Assets.xcassets in Resources */ = {isa = PBXBuildFile; fileRef = 1F4A0909255DAC00007AB0E4 /* Preview Assets.xcassets */; };
		1F4A091A255DB0A9007AB0E4 /* FruitCardView.swift in Sources */ = {isa = PBXBuildFile; fileRef = 1F4A0919255DB0A9007AB0E4 /* FruitCardView.swift */; };
		1F4A091E255DB43D007AB0E4 /* StartButtonView.swift in Sources */ = {isa = PBXBuildFile; fileRef = 1F4A091D255DB43D007AB0E4 /* StartButtonView.swift */; };
		1F4A0921255DB6E3007AB0E4 /* OnboardingView.swift in Sources */ = {isa = PBXBuildFile; fileRef = 1F4A0920255DB6E3007AB0E4 /* OnboardingView.swift */; };
		1F4A0925255DB8F0007AB0E4 /* FruitModel.swift in Sources */ = {isa = PBXBuildFile; fileRef = 1F4A0924255DB8F0007AB0E4 /* FruitModel.swift */; };
		1F4A092A255DB9D7007AB0E4 /* FruitData.swift in Sources */ = {isa = PBXBuildFile; fileRef = 1F4A0929255DB9D7007AB0E4 /* FruitData.swift */; };
		1F4A092E255DC0A5007AB0E4 /* FruitRowView.swift in Sources */ = {isa = PBXBuildFile; fileRef = 1F4A092D255DC0A5007AB0E4 /* FruitRowView.swift */; };
		1F4A0931255DC3EA007AB0E4 /* FruitDetailView.swift in Sources */ = {isa = PBXBuildFile; fileRef = 1F4A0930255DC3EA007AB0E4 /* FruitDetailView.swift */; };
		1F4A0934255DC667007AB0E4 /* FruitHeaderView.swift in Sources */ = {isa = PBXBuildFile; fileRef = 1F4A0933255DC667007AB0E4 /* FruitHeaderView.swift */; };
		1F4A0937255DC827007AB0E4 /* SourceLinkView.swift in Sources */ = {isa = PBXBuildFile; fileRef = 1F4A0936255DC827007AB0E4 /* SourceLinkView.swift */; };
		1F4A093A255DD82B007AB0E4 /* FruitNutrientsView.swift in Sources */ = {isa = PBXBuildFile; fileRef = 1F4A0939255DD82B007AB0E4 /* FruitNutrientsView.swift */; };
		1F4A093D255DDBA2007AB0E4 /* SettingsView.swift in Sources */ = {isa = PBXBuildFile; fileRef = 1F4A093C255DDBA2007AB0E4 /* SettingsView.swift */; };
		1F4A0940255DDF42007AB0E4 /* SettingsLabelView.swift in Sources */ = {isa = PBXBuildFile; fileRef = 1F4A093F255DDF42007AB0E4 /* SettingsLabelView.swift */; };
		1F4A0943255DE28A007AB0E4 /* SettingsRowView.swift in Sources */ = {isa = PBXBuildFile; fileRef = 1F4A0942255DE28A007AB0E4 /* SettingsRowView.swift */; };
/* End PBXBuildFile section */

/* Begin PBXFileReference section */
		1F4A08FF255DABFF007AB0E4 /* Fructus.app */ = {isa = PBXFileReference; explicitFileType = wrapper.application; includeInIndex = 0; path = Fructus.app; sourceTree = BUILT_PRODUCTS_DIR; };
		1F4A0902255DABFF007AB0E4 /* FructusApp.swift */ = {isa = PBXFileReference; lastKnownFileType = sourcecode.swift; path = FructusApp.swift; sourceTree = "<group>"; };
		1F4A0904255DABFF007AB0E4 /* ContentView.swift */ = {isa = PBXFileReference; lastKnownFileType = sourcecode.swift; path = ContentView.swift; sourceTree = "<group>"; };
		1F4A0906255DAC00007AB0E4 /* Assets.xcassets */ = {isa = PBXFileReference; lastKnownFileType = folder.assetcatalog; path = Assets.xcassets; sourceTree = "<group>"; };
		1F4A0909255DAC00007AB0E4 /* Preview Assets.xcassets */ = {isa = PBXFileReference; lastKnownFileType = folder.assetcatalog; path = "Preview Assets.xcassets"; sourceTree = "<group>"; };
		1F4A090B255DAC00007AB0E4 /* Info.plist */ = {isa = PBXFileReference; lastKnownFileType = text.plist.xml; path = Info.plist; sourceTree = "<group>"; };
		1F4A0919255DB0A9007AB0E4 /* FruitCardView.swift */ = {isa = PBXFileReference; lastKnownFileType = sourcecode.swift; path = FruitCardView.swift; sourceTree = "<group>"; };
		1F4A091D255DB43D007AB0E4 /* StartButtonView.swift */ = {isa = PBXFileReference; lastKnownFileType = sourcecode.swift; path = StartButtonView.swift; sourceTree = "<group>"; };
		1F4A0920255DB6E3007AB0E4 /* OnboardingView.swift */ = {isa = PBXFileReference; lastKnownFileType = sourcecode.swift; path = OnboardingView.swift; sourceTree = "<group>"; };
		1F4A0924255DB8F0007AB0E4 /* FruitModel.swift */ = {isa = PBXFileReference; lastKnownFileType = sourcecode.swift; path = FruitModel.swift; sourceTree = "<group>"; };
		1F4A0929255DB9D7007AB0E4 /* FruitData.swift */ = {isa = PBXFileReference; lastKnownFileType = sourcecode.swift; path = FruitData.swift; sourceTree = "<group>"; };
		1F4A092D255DC0A5007AB0E4 /* FruitRowView.swift */ = {isa = PBXFileReference; lastKnownFileType = sourcecode.swift; path = FruitRowView.swift; sourceTree = "<group>"; };
		1F4A0930255DC3EA007AB0E4 /* FruitDetailView.swift */ = {isa = PBXFileReference; lastKnownFileType = sourcecode.swift; path = FruitDetailView.swift; sourceTree = "<group>"; };
		1F4A0933255DC667007AB0E4 /* FruitHeaderView.swift */ = {isa = PBXFileReference; lastKnownFileType = sourcecode.swift; path = FruitHeaderView.swift; sourceTree = "<group>"; };
		1F4A0936255DC827007AB0E4 /* SourceLinkView.swift */ = {isa = PBXFileReference; lastKnownFileType = sourcecode.swift; path = SourceLinkView.swift; sourceTree = "<group>"; };
		1F4A0939255DD82B007AB0E4 /* FruitNutrientsView.swift */ = {isa = PBXFileReference; lastKnownFileType = sourcecode.swift; path = FruitNutrientsView.swift; sourceTree = "<group>"; };
		1F4A093C255DDBA2007AB0E4 /* SettingsView.swift */ = {isa = PBXFileReference; lastKnownFileType = sourcecode.swift; path = SettingsView.swift; sourceTree = "<group>"; };
		1F4A093F255DDF42007AB0E4 /* SettingsLabelView.swift */ = {isa = PBXFileReference; lastKnownFileType = sourcecode.swift; path = SettingsLabelView.swift; sourceTree = "<group>"; };
		1F4A0942255DE28A007AB0E4 /* SettingsRowView.swift */ = {isa = PBXFileReference; lastKnownFileType = sourcecode.swift; path = SettingsRowView.swift; sourceTree = "<group>"; };
/* End PBXFileReference section */

/* Begin PBXFrameworksBuildPhase section */
		1F4A08FC255DABFF007AB0E4 /* Frameworks */ = {
			isa = PBXFrameworksBuildPhase;
			buildActionMask = 2147483647;
			files = (
			);
			runOnlyForDeploymentPostprocessing = 0;
		};
/* End PBXFrameworksBuildPhase section */

/* Begin PBXGroup section */
		1F4A08F6255DABFF007AB0E4 = {
			isa = PBXGroup;
			children = (
				1F4A0901255DABFF007AB0E4 /* Fructus */,
				1F4A0900255DABFF007AB0E4 /* Products */,
			);
			sourceTree = "<group>";
		};
		1F4A0900255DABFF007AB0E4 /* Products */ = {
			isa = PBXGroup;
			children = (
				1F4A08FF255DABFF007AB0E4 /* Fructus.app */,
			);
			name = Products;
			sourceTree = "<group>";
		};
		1F4A0901255DABFF007AB0E4 /* Fructus */ = {
			isa = PBXGroup;
			children = (
				1F4A0928255DB9BF007AB0E4 /* Data */,
				1F4A0923255DB8D9007AB0E4 /* Model */,
				1F4A0915255DB055007AB0E4 /* View */,
				1F4A0913255DB025007AB0E4 /* App */,
				1F4A0906255DAC00007AB0E4 /* Assets.xcassets */,
				1F4A090B255DAC00007AB0E4 /* Info.plist */,
				1F4A0908255DAC00007AB0E4 /* Preview Content */,
			);
			path = Fructus;
			sourceTree = "<group>";
		};
		1F4A0908255DAC00007AB0E4 /* Preview Content */ = {
			isa = PBXGroup;
			children = (
				1F4A0909255DAC00007AB0E4 /* Preview Assets.xcassets */,
			);
			path = "Preview Content";
			sourceTree = "<group>";
		};
		1F4A0913255DB025007AB0E4 /* App */ = {
			isa = PBXGroup;
			children = (
				1F4A0902255DABFF007AB0E4 /* FructusApp.swift */,
				1F4A0904255DABFF007AB0E4 /* ContentView.swift */,
				1F4A0920255DB6E3007AB0E4 /* OnboardingView.swift */,
				1F4A0930255DC3EA007AB0E4 /* FruitDetailView.swift */,
				1F4A093C255DDBA2007AB0E4 /* SettingsView.swift */,
			);
			path = App;
			sourceTree = "<group>";
		};
		1F4A0915255DB055007AB0E4 /* View */ = {
			isa = PBXGroup;
			children = (
				1F4A0919255DB0A9007AB0E4 /* FruitCardView.swift */,
				1F4A091D255DB43D007AB0E4 /* StartButtonView.swift */,
				1F4A092D255DC0A5007AB0E4 /* FruitRowView.swift */,
				1F4A0933255DC667007AB0E4 /* FruitHeaderView.swift */,
				1F4A0936255DC827007AB0E4 /* SourceLinkView.swift */,
				1F4A0939255DD82B007AB0E4 /* FruitNutrientsView.swift */,
				1F4A093F255DDF42007AB0E4 /* SettingsLabelView.swift */,
				1F4A0942255DE28A007AB0E4 /* SettingsRowView.swift */,
			);
			path = View;
			sourceTree = "<group>";
		};
		1F4A0923255DB8D9007AB0E4 /* Model */ = {
			isa = PBXGroup;
			children = (
				1F4A0924255DB8F0007AB0E4 /* FruitModel.swift */,
			);
			path = Model;
			sourceTree = "<group>";
		};
		1F4A0928255DB9BF007AB0E4 /* Data */ = {
			isa = PBXGroup;
			children = (
				1F4A0929255DB9D7007AB0E4 /* FruitData.swift */,
			);
			path = Data;
			sourceTree = "<group>";
		};
/* End PBXGroup section */

/* Begin PBXNativeTarget section */
		1F4A08FE255DABFF007AB0E4 /* Fructus */ = {
			isa = PBXNativeTarget;
			buildConfigurationList = 1F4A090E255DAC00007AB0E4 /* Build configuration list for PBXNativeTarget "Fructus" */;
			buildPhases = (
				1F4A08FB255DABFF007AB0E4 /* Sources */,
				1F4A08FC255DABFF007AB0E4 /* Frameworks */,
				1F4A08FD255DABFF007AB0E4 /* Resources */,
			);
			buildRules = (
			);
			dependencies = (
			);
			name = Fructus;
			productName = Fructus;
			productReference = 1F4A08FF255DABFF007AB0E4 /* Fructus.app */;
			productType = "com.apple.product-type.application";
		};
/* End PBXNativeTarget section */

/* Begin PBXProject section */
		1F4A08F7255DABFF007AB0E4 /* Project object */ = {
			isa = PBXProject;
			attributes = {
				LastSwiftUpdateCheck = 1210;
				LastUpgradeCheck = 1210;
				TargetAttributes = {
					1F4A08FE255DABFF007AB0E4 = {
						CreatedOnToolsVersion = 12.1;
					};
				};
			};
			buildConfigurationList = 1F4A08FA255DABFF007AB0E4 /* Build configuration list for PBXProject "Fructus" */;
			compatibilityVersion = "Xcode 9.3";
			developmentRegion = en;
			hasScannedForEncodings = 0;
			knownRegions = (
				en,
				Base,
			);
			mainGroup = 1F4A08F6255DABFF007AB0E4;
			productRefGroup = 1F4A0900255DABFF007AB0E4 /* Products */;
			projectDirPath = "";
			projectRoot = "";
			targets = (
				1F4A08FE255DABFF007AB0E4 /* Fructus */,
			);
		};
/* End PBXProject section */

/* Begin PBXResourcesBuildPhase section */
		1F4A08FD255DABFF007AB0E4 /* Resources */ = {
			isa = PBXResourcesBuildPhase;
			buildActionMask = 2147483647;
			files = (
				1F4A090A255DAC00007AB0E4 /* Preview Assets.xcassets in Resources */,
				1F4A0907255DAC00007AB0E4 /* Assets.xcassets in Resources */,
			);
			runOnlyForDeploymentPostprocessing = 0;
		};
/* End PBXResourcesBuildPhase section */

/* Begin PBXSourcesBuildPhase section */
		1F4A08FB255DABFF007AB0E4 /* Sources */ = {
			isa = PBXSourcesBuildPhase;
			buildActionMask = 2147483647;
			files = (
				1F4A092A255DB9D7007AB0E4 /* FruitData.swift in Sources */,
				1F4A0937255DC827007AB0E4 /* SourceLinkView.swift in Sources */,
				1F4A0943255DE28A007AB0E4 /* SettingsRowView.swift in Sources */,
				1F4A0905255DABFF007AB0E4 /* ContentView.swift in Sources */,
				1F4A092E255DC0A5007AB0E4 /* FruitRowView.swift in Sources */,
				1F4A093A255DD82B007AB0E4 /* FruitNutrientsView.swift in Sources */,
				1F4A091E255DB43D007AB0E4 /* StartButtonView.swift in Sources */,
				1F4A0931255DC3EA007AB0E4 /* FruitDetailView.swift in Sources */,
				1F4A091A255DB0A9007AB0E4 /* FruitCardView.swift in Sources */,
				1F4A0934255DC667007AB0E4 /* FruitHeaderView.swift in Sources */,
				1F4A0921255DB6E3007AB0E4 /* OnboardingView.swift in Sources */,
				1F4A0940255DDF42007AB0E4 /* SettingsLabelView.swift in Sources */,
				1F4A0925255DB8F0007AB0E4 /* FruitModel.swift in Sources */,
				1F4A0903255DABFF007AB0E4 /* FructusApp.swift in Sources */,
				1F4A093D255DDBA2007AB0E4 /* SettingsView.swift in Sources */,
			);
			runOnlyForDeploymentPostprocessing = 0;
		};
/* End PBXSourcesBuildPhase section */

/* Begin XCBuildConfiguration section */
		1F4A090C255DAC00007AB0E4 /* Debug */ = {
			isa = XCBuildConfiguration;
			buildSettings = {
				ALWAYS_SEARCH_USER_PATHS = NO;
				CLANG_ANALYZER_NONNULL = YES;
				CLANG_ANALYZER_NUMBER_OBJECT_CONVERSION = YES_AGGRESSIVE;
				CLANG_CXX_LANGUAGE_STANDARD = "gnu++14";
				CLANG_CXX_LIBRARY = "libc++";
				CLANG_ENABLE_MODULES = YES;
				CLANG_ENABLE_OBJC_ARC = YES;
				CLANG_ENABLE_OBJC_WEAK = YES;
				CLANG_WARN_BLOCK_CAPTURE_AUTORELEASING = YES;
				CLANG_WARN_BOOL_CONVERSION = YES;
				CLANG_WARN_COMMA = YES;
				CLANG_WARN_CONSTANT_CONVERSION = YES;
				CLANG_WARN_DEPRECATED_OBJC_IMPLEMENTATIONS = YES;
				CLANG_WARN_DIRECT_OBJC_ISA_USAGE = YES_ERROR;
				CLANG_WARN_DOCUMENTATION_COMMENTS = YES;
				CLANG_WARN_EMPTY_BODY = YES;
				CLANG_WARN_ENUM_CONVERSION = YES;
				CLANG_WARN_INFINITE_RECURSION = YES;
				CLANG_WARN_INT_CONVERSION = YES;
				CLANG_WARN_NON_LITERAL_NULL_CONVERSION = YES;
				CLANG_WARN_OBJC_IMPLICIT_RETAIN_SELF = YES;
				CLANG_WARN_OBJC_LITERAL_CONVERSION = YES;
				CLANG_WARN_OBJC_ROOT_CLASS = YES_ERROR;
				CLANG_WARN_QUOTED_INCLUDE_IN_FRAMEWORK_HEADER = YES;
				CLANG_WARN_RANGE_LOOP_ANALYSIS = YES;
				CLANG_WARN_STRICT_PROTOTYPES = YES;
				CLANG_WARN_SUSPICIOUS_MOVE = YES;
				CLANG_WARN_UNGUARDED_AVAILABILITY = YES_AGGRESSIVE;
				CLANG_WARN_UNREACHABLE_CODE = YES;
				CLANG_WARN__DUPLICATE_METHOD_MATCH = YES;
				COPY_PHASE_STRIP = NO;
				DEBUG_INFORMATION_FORMAT = dwarf;
				ENABLE_STRICT_OBJC_MSGSEND = YES;
				ENABLE_TESTABILITY = YES;
				GCC_C_LANGUAGE_STANDARD = gnu11;
				GCC_DYNAMIC_NO_PIC = NO;
				GCC_NO_COMMON_BLOCKS = YES;
				GCC_OPTIMIZATION_LEVEL = 0;
				GCC_PREPROCESSOR_DEFINITIONS = (
					"DEBUG=1",
					"$(inherited)",
				);
				GCC_WARN_64_TO_32_BIT_CONVERSION = YES;
				GCC_WARN_ABOUT_RETURN_TYPE = YES_ERROR;
				GCC_WARN_UNDECLARED_SELECTOR = YES;
				GCC_WARN_UNINITIALIZED_AUTOS = YES_AGGRESSIVE;
				GCC_WARN_UNUSED_FUNCTION = YES;
				GCC_WARN_UNUSED_VARIABLE = YES;
				IPHONEOS_DEPLOYMENT_TARGET = 14.1;
				MTL_ENABLE_DEBUG_INFO = INCLUDE_SOURCE;
				MTL_FAST_MATH = YES;
				ONLY_ACTIVE_ARCH = YES;
				SDKROOT = iphoneos;
				SWIFT_ACTIVE_COMPILATION_CONDITIONS = DEBUG;
				SWIFT_OPTIMIZATION_LEVEL = "-Onone";
			};
			name = Debug;
		};
		1F4A090D255DAC00007AB0E4 /* Release */ = {
			isa = XCBuildConfiguration;
			buildSettings = {
				ALWAYS_SEARCH_USER_PATHS = NO;
				CLANG_ANALYZER_NONNULL = YES;
				CLANG_ANALYZER_NUMBER_OBJECT_CONVERSION = YES_AGGRESSIVE;
				CLANG_CXX_LANGUAGE_STANDARD = "gnu++14";
				CLANG_CXX_LIBRARY = "libc++";
				CLANG_ENABLE_MODULES = YES;
				CLANG_ENABLE_OBJC_ARC = YES;
				CLANG_ENABLE_OBJC_WEAK = YES;
				CLANG_WARN_BLOCK_CAPTURE_AUTORELEASING = YES;
				CLANG_WARN_BOOL_CONVERSION = YES;
				CLANG_WARN_COMMA = YES;
				CLANG_WARN_CONSTANT_CONVERSION = YES;
				CLANG_WARN_DEPRECATED_OBJC_IMPLEMENTATIONS = YES;
				CLANG_WARN_DIRECT_OBJC_ISA_USAGE = YES_ERROR;
				CLANG_WARN_DOCUMENTATION_COMMENTS = YES;
				CLANG_WARN_EMPTY_BODY = YES;
				CLANG_WARN_ENUM_CONVERSION = YES;
				CLANG_WARN_INFINITE_RECURSION = YES;
				CLANG_WARN_INT_CONVERSION = YES;
				CLANG_WARN_NON_LITERAL_NULL_CONVERSION = YES;
				CLANG_WARN_OBJC_IMPLICIT_RETAIN_SELF = YES;
				CLANG_WARN_OBJC_LITERAL_CONVERSION = YES;
				CLANG_WARN_OBJC_ROOT_CLASS = YES_ERROR;
				CLANG_WARN_QUOTED_INCLUDE_IN_FRAMEWORK_HEADER = YES;
				CLANG_WARN_RANGE_LOOP_ANALYSIS = YES;
				CLANG_WARN_STRICT_PROTOTYPES = YES;
				CLANG_WARN_SUSPICIOUS_MOVE = YES;
				CLANG_WARN_UNGUARDED_AVAILABILITY = YES_AGGRESSIVE;
				CLANG_WARN_UNREACHABLE_CODE = YES;
				CLANG_WARN__DUPLICATE_METHOD_MATCH = YES;
				COPY_PHASE_STRIP = NO;
				DEBUG_INFORMATION_FORMAT = "dwarf-with-dsym";
				ENABLE_NS_ASSERTIONS = NO;
				ENABLE_STRICT_OBJC_MSGSEND = YES;
				GCC_C_LANGUAGE_STANDARD = gnu11;
				GCC_NO_COMMON_BLOCKS = YES;
				GCC_WARN_64_TO_32_BIT_CONVERSION = YES;
				GCC_WARN_ABOUT_RETURN_TYPE = YES_ERROR;
				GCC_WARN_UNDECLARED_SELECTOR = YES;
				GCC_WARN_UNINITIALIZED_AUTOS = YES_AGGRESSIVE;
				GCC_WARN_UNUSED_FUNCTION = YES;
				GCC_WARN_UNUSED_VARIABLE = YES;
				IPHONEOS_DEPLOYMENT_TARGET = 14.1;
				MTL_ENABLE_DEBUG_INFO = NO;
				MTL_FAST_MATH = YES;
				SDKROOT = iphoneos;
				SWIFT_COMPILATION_MODE = wholemodule;
				SWIFT_OPTIMIZATION_LEVEL = "-O";
				VALIDATE_PRODUCT = YES;
			};
			name = Release;
		};
		1F4A090F255DAC00007AB0E4 /* Debug */ = {
			isa = XCBuildConfiguration;
			buildSettings = {
				ASSETCATALOG_COMPILER_APPICON_NAME = AppIcon;
				ASSETCATALOG_COMPILER_GLOBAL_ACCENT_COLOR_NAME = AccentColor;
				CODE_SIGN_STYLE = Automatic;
				DEVELOPMENT_ASSET_PATHS = "\"Fructus/Preview Content\"";
				ENABLE_PREVIEWS = YES;
				INFOPLIST_FILE = Fructus/Info.plist;
				IPHONEOS_DEPLOYMENT_TARGET = 14.0;
				LD_RUNPATH_SEARCH_PATHS = (
					"$(inherited)",
					"@executable_path/Frameworks",
				);
				PRODUCT_BUNDLE_IDENTIFIER = com.kostas.Fructus;
				PRODUCT_NAME = "$(TARGET_NAME)";
				SWIFT_VERSION = 5.0;
				TARGETED_DEVICE_FAMILY = "1,2";
			};
			name = Debug;
		};
		1F4A0910255DAC00007AB0E4 /* Release */ = {
			isa = XCBuildConfiguration;
			buildSettings = {
				ASSETCATALOG_COMPILER_APPICON_NAME = AppIcon;
				ASSETCATALOG_COMPILER_GLOBAL_ACCENT_COLOR_NAME = AccentColor;
				CODE_SIGN_STYLE = Automatic;
				DEVELOPMENT_ASSET_PATHS = "\"Fructus/Preview Content\"";
				ENABLE_PREVIEWS = YES;
				INFOPLIST_FILE = Fructus/Info.plist;
				IPHONEOS_DEPLOYMENT_TARGET = 14.0;
				LD_RUNPATH_SEARCH_PATHS = (
					"$(inherited)",
					"@executable_path/Frameworks",
				);
				PRODUCT_BUNDLE_IDENTIFIER = com.kostas.Fructus;
				PRODUCT_NAME = "$(TARGET_NAME)";
				SWIFT_VERSION = 5.0;
				TARGETED_DEVICE_FAMILY = "1,2";
			};
			name = Release;
		};
/* End XCBuildConfiguration section */

/* Begin XCConfigurationList section */
		1F4A08FA255DABFF007AB0E4 /* Build configuration list for PBXProject "Fructus" */ = {
			isa = XCConfigurationList;
			buildConfigurations = (
				1F4A090C255DAC00007AB0E4 /* Debug */,
				1F4A090D255DAC00007AB0E4 /* Release */,
			);
			defaultConfigurationIsVisible = 0;
			defaultConfigurationName = Release;
		};
		1F4A090E255DAC00007AB0E4 /* Build configuration list for PBXNativeTarget "Fructus" */ = {
			isa = XCConfigurationList;
			buildConfigurations = (
				1F4A090F255DAC00007AB0E4 /* Debug */,
				1F4A0910255DAC00007AB0E4 /* Release */,
			);
			defaultConfigurationIsVisible = 0;
			defaultConfigurationName = Release;
		};
/* End XCConfigurationList section */
	};
	rootObject = 1F4A08F7255DABFF007AB0E4 /* Project object */;
}
